Microsoft Visual Studio Solution File, Format Version 9.00
# Visual Studio 2005
Project("{8BC9CEB8-8B4A-11D0-8D11-00A0C91BC942}") = "module", "module\module.vcproj", "{000A58CF-47E4-46D2-8D19-6A5748F8F46A}"
EndProject
Project("{2150E333-8FDC-42A3-9474-1A3956D46DE8}") = "linux", "linux", "{85EA1E08-8CD5-47DD-9263-9877723335B3}"
	ProjectSection(SolutionItems) = preProject
		..\linux\makefile = ..\linux\makefile
	EndProjectSection
EndProject
Global
	GlobalSection(SolutionConfigurationPlatforms) = preSolution
		Debug|Win32 = Debug|Win32
		Release|Win32 = Release|Win32
	EndGlobalSection
	GlobalSection(ProjectConfigurationPlatforms) = postSolution
		{000A58CF-47E4-46D2-8D19-6A5748F8F46A}.Debug|Win32.ActiveCfg = Debug|Win32
		{000A58CF-47E4-46D2-8D19-6A5748F8F46A}.Debug|Win32.Build.0 = Debug|Win32
		{000A58CF-47E4-46D2-8D19-6A5748F8F46A}.Release|Win32.ActiveCfg = Release|Win32
		{000A58CF-47E4-46D2-8D19-6A5748F8F46A}.Release|Win32.Build.0 = Release|Win32
	EndGlobalSection
	GlobalSection(SolutionProperties) = preSolution
		HideSolutionNode = FALSE
	EndGlobalSection
EndGlobal
